
Microsoft Visual Studio Solution File, Format Version 12.00
# Visual Studio 15
VisualStudioVersion = 15.0.28010.2041
MinimumVisualStudioVersion = 10.0.40219.1
Project("{9A19103F-16F7-4668-BE54-9A1E7A4F7556}") = "BengansBowling", "BengansBowling\BengansBowling.csproj", "{00FA9EA1-7DA2-4E43-8C2F-EBB9DEB0CA00}"
EndProject
Project("{FAE04EC0-301F-11D3-BF4B-00C04F79EFBC}") = "TestCases", "TestCases\TestCases.csproj", "{007061C8-9A21-4ED3-8CC7-D104C1194F17}"
EndProject
Global
	GlobalSection(SolutionConfigurationPlatforms) = preSolution
		Debug|Any CPU = Debug|Any CPU
		Release|Any CPU = Release|Any CPU
	EndGlobalSection
	GlobalSection(ProjectConfigurationPlatforms) = postSolution
		{00FA9EA1-7DA2-4E43-8C2F-EBB9DEB0CA00}.Debug|Any CPU.ActiveCfg = Debug|Any CPU
		{00FA9EA1-7DA2-4E43-8C2F-EBB9DEB0CA00}.Debug|Any CPU.Build.0 = Debug|Any CPU
		{00FA9EA1-7DA2-4E43-8C2F-EBB9DEB0CA00}.Release|Any CPU.ActiveCfg = Release|Any CPU
		{00FA9EA1-7DA2-4E43-8C2F-EBB9DEB0CA00}.Release|Any CPU.Build.0 = Release|Any CPU
		{007061C8-9A21-4ED3-8CC7-D104C1194F17}.Debug|Any CPU.ActiveCfg = Debug|Any CPU
		{007061C8-9A21-4ED3-8CC7-D104C1194F17}.Debug|Any CPU.Build.0 = Debug|Any CPU
		{007061C8-9A21-4ED3-8CC7-D104C1194F17}.Release|Any CPU.ActiveCfg = Release|Any CPU
		{007061C8-9A21-4ED3-8CC7-D104C1194F17}.Release|Any CPU.Build.0 = Release|Any CPU
	EndGlobalSection
	GlobalSection(SolutionProperties) = preSolution
		HideSolutionNode = FALSE
	EndGlobalSection
	GlobalSection(ExtensibilityGlobals) = postSolution
		SolutionGuid = {2D5B0DE4-8CD9-486E-A64E-484A508B1700}
	EndGlobalSection
EndGlobal
